
Microsoft Visual Studio Solution File, Format Version 12.00
# Visual Studio Version 17
VisualStudioVersion = 17.14.36603.0
MinimumVisualStudioVersion = 10.0.40219.1
Project("{FAE04EC0-301F-11D3-BF4B-00C04F79EFBC}") = "StockMarketSimulation", "StockMarketSimulation\StockMarketSimulation.csproj", "{259DE760-EBE1-44FB-83BA-9CAEEB58CCF0}"
EndProject
Global
	GlobalSection(SolutionConfigurationPlatforms) = preSolution
		Debug|Any CPU = Debug|Any CPU
		Release|Any CPU = Release|Any CPU
	EndGlobalSection
	GlobalSection(ProjectConfigurationPlatforms) = postSolution
		{259DE760-EBE1-44FB-83BA-9CAEEB58CCF0}.Debug|Any CPU.ActiveCfg = Debug|Any CPU
		{259DE760-EBE1-44FB-83BA-9CAEEB58CCF0}.Debug|Any CPU.Build.0 = Debug|Any CPU
		{259DE760-EBE1-44FB-83BA-9CAEEB58CCF0}.Release|Any CPU.ActiveCfg = Release|Any CPU
		{259DE760-EBE1-44FB-83BA-9CAEEB58CCF0}.Release|Any CPU.Build.0 = Release|Any CPU
	EndGlobalSection
	GlobalSection(SolutionProperties) = preSolution
		HideSolutionNode = FALSE
	EndGlobalSection
	GlobalSection(ExtensibilityGlobals) = postSolution
		SolutionGuid = {B57D96AD-0C45-484D-9297-1A43F4ABB53C}
	EndGlobalSection
EndGlobal
